// !$*UTF8*$!
{
	archiveVersion = 1;
	classes = {
	};
	objectVersion = 55;
	objects = {

/* Begin PBXBuildFile section */
		64476AD728465A6C00E90755 /* AppDelegate.swift in Sources */ = {isa = PBXBuildFile; fileRef = 64476AD628465A6C00E90755 /* AppDelegate.swift */; };
		64476AD928465A6C00E90755 /* SceneDelegate.swift in Sources */ = {isa = PBXBuildFile; fileRef = 64476AD828465A6C00E90755 /* SceneDelegate.swift */; };
		64476ADB28465A6C00E90755 /* ViewController.swift in Sources */ = {isa = PBXBuildFile; fileRef = 64476ADA28465A6C00E90755 /* ViewController.swift */; };
		64476ADE28465A6C00E90755 /* Main.storyboard in Resources */ = {isa = PBXBuildFile; fileRef = 64476ADC28465A6C00E90755 /* Main.storyboard */; };
		64476AE028465A7B00E90755 /* Assets.xcassets in Resources */ = {isa = PBXBuildFile; fileRef = 64476ADF28465A7B00E90755 /* Assets.xcassets */; };
		64476AE328465A7B00E90755 /* LaunchScreen.storyboard in Resources */ = {isa = PBXBuildFile; fileRef = 64476AE128465A7B00E90755 /* LaunchScreen.storyboard */; };
		64476AEB28465BFA00E90755 /* RegisterVC.swift in Sources */ = {isa = PBXBuildFile; fileRef = 64476AEA28465BFA00E90755 /* RegisterVC.swift */; };
		64476AED28465C2200E90755 /* BaseVC.swift in Sources */ = {isa = PBXBuildFile; fileRef = 64476AEC28465C2200E90755 /* BaseVC.swift */; };
		64476AF12846777700E90755 /* FormTextField.swift in Sources */ = {isa = PBXBuildFile; fileRef = 64476AF02846777700E90755 /* FormTextField.swift */; };
		64476AF5284677EF00E90755 /* FormFieldPlaceholderMode.swift in Sources */ = {isa = PBXBuildFile; fileRef = 64476AF2284677EB00E90755 /* FormFieldPlaceholderMode.swift */; };
		64476AF6284677EF00E90755 /* FormFieldPlaceholderView.swift in Sources */ = {isa = PBXBuildFile; fileRef = 64476AF3284677EC00E90755 /* FormFieldPlaceholderView.swift */; };
		64476AF7284677EF00E90755 /* FormFieldUnderneathView.swift in Sources */ = {isa = PBXBuildFile; fileRef = 64476AF4284677EE00E90755 /* FormFieldUnderneathView.swift */; };
		64476AFA2846788600E90755 /* Array+Extension.swift in Sources */ = {isa = PBXBuildFile; fileRef = 64476AF82846788300E90755 /* Array+Extension.swift */; };
		64476AFB2846788600E90755 /* String+Extension.swift in Sources */ = {isa = PBXBuildFile; fileRef = 64476AF92846788500E90755 /* String+Extension.swift */; };
		64476B032846792700E90755 /* UIFont+Extension.swift in Sources */ = {isa = PBXBuildFile; fileRef = 64476B002846792400E90755 /* UIFont+Extension.swift */; };
		64476B042846792700E90755 /* UIImage+Extension.swift in Sources */ = {isa = PBXBuildFile; fileRef = 64476B012846792500E90755 /* UIImage+Extension.swift */; };
		64476B052846792700E90755 /* UIColor+Extension.swift in Sources */ = {isa = PBXBuildFile; fileRef = 64476B022846792700E90755 /* UIColor+Extension.swift */; };
		64476B0728467A3E00E90755 /* Constants.swift in Sources */ = {isa = PBXBuildFile; fileRef = 64476B0628467A3D00E90755 /* Constants.swift */; };
		64476B0A28467A9900E90755 /* FormFieldTextPaddingMode.swift in Sources */ = {isa = PBXBuildFile; fileRef = 64476B0928467A9800E90755 /* FormFieldTextPaddingMode.swift */; };
		64476B0C2846DBF100E90755 /* FormPasswordField.swift in Sources */ = {isa = PBXBuildFile; fileRef = 64476B0B2846DBF000E90755 /* FormPasswordField.swift */; };
		64476B0E2847BE5D00E90755 /* BaseFormVC.swift in Sources */ = {isa = PBXBuildFile; fileRef = 64476B0D2847BE5D00E90755 /* BaseFormVC.swift */; };
		64476B102847EF8E00E90755 /* FormMobileField.swift in Sources */ = {isa = PBXBuildFile; fileRef = 64476B0F2847EF8E00E90755 /* FormMobileField.swift */; };
		64476B122847F1B600E90755 /* FormSelectField.swift in Sources */ = {isa = PBXBuildFile; fileRef = 64476B112847F1B600E90755 /* FormSelectField.swift */; };
		64476B142847F22600E90755 /* DialCodeSelectField.swift in Sources */ = {isa = PBXBuildFile; fileRef = 64476B132847F22600E90755 /* DialCodeSelectField.swift */; };
		64476B162847F2ED00E90755 /* NationalNumberField.swift in Sources */ = {isa = PBXBuildFile; fileRef = 64476B152847F2ED00E90755 /* NationalNumberField.swift */; };
		64476B1828481EF700E90755 /* RegisterFormStackView.swift in Sources */ = {isa = PBXBuildFile; fileRef = 64476B1728481EF600E90755 /* RegisterFormStackView.swift */; };
		64476B1A2848CD6200E90755 /* TabBarController.swift in Sources */ = {isa = PBXBuildFile; fileRef = 64476B192848CD6200E90755 /* TabBarController.swift */; };
		64476B1C2848F7E000E90755 /* HomeVC.swift in Sources */ = {isa = PBXBuildFile; fileRef = 64476B1B2848F7DF00E90755 /* HomeVC.swift */; };
		64476B232848FBD800E90755 /* TwoRowProductCell.swift in Sources */ = {isa = PBXBuildFile; fileRef = 64476B222848FBD800E90755 /* TwoRowProductCell.swift */; };
		64476B262849017900E90755 /* ProductDto.swift in Sources */ = {isa = PBXBuildFile; fileRef = 64476B252849017900E90755 /* ProductDto.swift */; };
		64476B282849038300E90755 /* ProductSectionDto.swift in Sources */ = {isa = PBXBuildFile; fileRef = 64476B272849038200E90755 /* ProductSectionDto.swift */; };
		64476B2B284905D100E90755 /* ProductsSectionView.swift in Sources */ = {isa = PBXBuildFile; fileRef = 64476B29284905D000E90755 /* ProductsSectionView.swift */; };
		64476B2C284905D100E90755 /* ProductsSectionView.xib in Resources */ = {isa = PBXBuildFile; fileRef = 64476B2A284905D100E90755 /* ProductsSectionView.xib */; };
		64476B2E284948E800E90755 /* AddProductButton.swift in Sources */ = {isa = PBXBuildFile; fileRef = 64476B2D284948E800E90755 /* AddProductButton.swift */; };
		64476B302849501700E90755 /* ProductDiscountPadge.swift in Sources */ = {isa = PBXBuildFile; fileRef = 64476B2F2849501700E90755 /* ProductDiscountPadge.swift */; };
		64476B3228498DA800E90755 /* ShowResultsButtonContainer.swift in Sources */ = {isa = PBXBuildFile; fileRef = 64476B3128498DA800E90755 /* ShowResultsButtonContainer.swift */; };
		64476B352849951500E90755 /* PriceRangeSegmentedControl.swift in Sources */ = {isa = PBXBuildFile; fileRef = 64476B332849951000E90755 /* PriceRangeSegmentedControl.swift */; };
		64476B362849951500E90755 /* SegmentedControlButton.swift in Sources */ = {isa = PBXBuildFile; fileRef = 64476B342849951300E90755 /* SegmentedControlButton.swift */; };
		64476B5C284ADD5700E90755 /* RangeSlider.swift in Sources */ = {isa = PBXBuildFile; fileRef = 64476B5B284ADD5400E90755 /* RangeSlider.swift */; };
		64476B5E284AE0D800E90755 /* FilterVC.swift in Sources */ = {isa = PBXBuildFile; fileRef = 64476B5D284AE0D800E90755 /* FilterVC.swift */; };
		64476B60284AE35800E90755 /* SortByFilterButton.swift in Sources */ = {isa = PBXBuildFile; fileRef = 64476B5F284AE35800E90755 /* SortByFilterButton.swift */; };
		64476B62284AED1500E90755 /* FilterModalVC.swift in Sources */ = {isa = PBXBuildFile; fileRef = 64476B61284AED1500E90755 /* FilterModalVC.swift */; };
		64476B84284B335A00E90755 /* WEBJOBSSpinner.swift in Sources */ = {isa = PBXBuildFile; fileRef = 64476B83284B335A00E90755 /* WEBJOBSSpinner.swift */; };
		6474FAEF284BD56E00EE841E /* LoginVC.swift in Sources */ = {isa = PBXBuildFile; fileRef = 6474FAEE284BD56E00EE841E /* LoginVC.swift */; };
		F2BA0B17E39CFBD3D0B154A5 /* Pods_WEB_JOBS_Task_052022.framework in Frameworks */ = {isa = PBXBuildFile; fileRef = 36A69E17A40E9D231FD94D2D /* Pods_WEB_JOBS_Task_052022.framework */; };
/* End PBXBuildFile section */

/* Begin PBXFileReference section */
		30E04F64D945CBEA4523DEFA /* Pods-WEB-JOBS-Task-052022.debug.xcconfig */ = {isa = PBXFileReference; includeInIndex = 1; lastKnownFileType = text.xcconfig; name = "Pods-WEB-JOBS-Task-052022.debug.xcconfig"; path = "Target Support Files/Pods-WEB-JOBS-Task-052022/Pods-WEB-JOBS-Task-052022.debug.xcconfig"; sourceTree = "<group>"; };
		36A69E17A40E9D231FD94D2D /* Pods_WEB_JOBS_Task_052022.framework */ = {isa = PBXFileReference; explicitFileType = wrapper.framework; includeInIndex = 0; path = Pods_WEB_JOBS_Task_052022.framework; sourceTree = BUILT_PRODUCTS_DIR; };
		5F843CDFDB6D6CF42C311523 /* Pods-WEB-JOBS-Task-052022.release.xcconfig */ = {isa = PBXFileReference; includeInIndex = 1; lastKnownFileType = text.xcconfig; name = "Pods-WEB-JOBS-Task-052022.release.xcconfig"; path = "Target Support Files/Pods-WEB-JOBS-Task-052022/Pods-WEB-JOBS-Task-052022.release.xcconfig"; sourceTree = "<group>"; };
		64476AD328465A6C00E90755 /* WEB-JOBS-Task-052022.app */ = {isa = PBXFileReference; explicitFileType = wrapper.application; includeInIndex = 0; path = "WEB-JOBS-Task-052022.app"; sourceTree = BUILT_PRODUCTS_DIR; };
		64476AD628465A6C00E90755 /* AppDelegate.swift */ = {isa = PBXFileReference; lastKnownFileType = sourcecode.swift; path = AppDelegate.swift; sourceTree = "<group>"; };
		64476AD828465A6C00E90755 /* SceneDelegate.swift */ = {isa = PBXFileReference; lastKnownFileType = sourcecode.swift; path = SceneDelegate.swift; sourceTree = "<group>"; };
		64476ADA28465A6C00E90755 /* ViewController.swift */ = {isa = PBXFileReference; lastKnownFileType = sourcecode.swift; path = ViewController.swift; sourceTree = "<group>"; };
		64476ADD28465A6C00E90755 /* Base */ = {isa = PBXFileReference; lastKnownFileType = file.storyboard; name = Base; path = Base.lproj/Main.storyboard; sourceTree = "<group>"; };
		64476ADF28465A7B00E90755 /* Assets.xcassets */ = {isa = PBXFileReference; lastKnownFileType = folder.assetcatalog; path = Assets.xcassets; sourceTree = "<group>"; };
		64476AE228465A7B00E90755 /* Base */ = {isa = PBXFileReference; lastKnownFileType = file.storyboard; name = Base; path = Base.lproj/LaunchScreen.storyboard; sourceTree = "<group>"; };
		64476AE428465A7B00E90755 /* Info.plist */ = {isa = PBXFileReference; lastKnownFileType = text.plist.xml; path = Info.plist; sourceTree = "<group>"; };
		64476AEA28465BFA00E90755 /* RegisterVC.swift */ = {isa = PBXFileReference; lastKnownFileType = sourcecode.swift; path = RegisterVC.swift; sourceTree = "<group>"; };
		64476AEC28465C2200E90755 /* BaseVC.swift */ = {isa = PBXFileReference; lastKnownFileType = sourcecode.swift; path = BaseVC.swift; sourceTree = "<group>"; };
		64476AF02846777700E90755 /* FormTextField.swift */ = {isa = PBXFileReference; lastKnownFileType = sourcecode.swift; path = FormTextField.swift; sourceTree = "<group>"; };
		64476AF2284677EB00E90755 /* FormFieldPlaceholderMode.swift */ = {isa = PBXFileReference; fileEncoding = 4; lastKnownFileType = sourcecode.swift; path = FormFieldPlaceholderMode.swift; sourceTree = "<group>"; };
		64476AF3284677EC00E90755 /* FormFieldPlaceholderView.swift */ = {isa = PBXFileReference; fileEncoding = 4; lastKnownFileType = sourcecode.swift; path = FormFieldPlaceholderView.swift; sourceTree = "<group>"; };
		64476AF4284677EE00E90755 /* FormFieldUnderneathView.swift */ = {isa = PBXFileReference; fileEncoding = 4; lastKnownFileType = sourcecode.swift; path = FormFieldUnderneathView.swift; sourceTree = "<group>"; };
		64476AF82846788300E90755 /* Array+Extension.swift */ = {isa = PBXFileReference; fileEncoding = 4; lastKnownFileType = sourcecode.swift; path = "Array+Extension.swift"; sourceTree = "<group>"; };
		64476AF92846788500E90755 /* String+Extension.swift */ = {isa = PBXFileReference; fileEncoding = 4; lastKnownFileType = sourcecode.swift; path = "String+Extension.swift"; sourceTree = "<group>"; };
		64476B002846792400E90755 /* UIFont+Extension.swift */ = {isa = PBXFileReference; fileEncoding = 4; lastKnownFileType = sourcecode.swift; path = "UIFont+Extension.swift"; sourceTree = "<group>"; };
		64476B012846792500E90755 /* UIImage+Extension.swift */ = {isa = PBXFileReference; fileEncoding = 4; lastKnownFileType = sourcecode.swift; path = "UIImage+Extension.swift"; sourceTree = "<group>"; };
		64476B022846792700E90755 /* UIColor+Extension.swift */ = {isa = PBXFileReference; fileEncoding = 4; lastKnownFileType = sourcecode.swift; path = "UIColor+Extension.swift"; sourceTree = "<group>"; };
		64476B0628467A3D00E90755 /* Constants.swift */ = {isa = PBXFileReference; fileEncoding = 4; lastKnownFileType = sourcecode.swift; path = Constants.swift; sourceTree = "<group>"; };
		64476B0928467A9800E90755 /* FormFieldTextPaddingMode.swift */ = {isa = PBXFileReference; fileEncoding = 4; lastKnownFileType = sourcecode.swift; path = FormFieldTextPaddingMode.swift; sourceTree = "<group>"; };
		64476B0B2846DBF000E90755 /* FormPasswordField.swift */ = {isa = PBXFileReference; fileEncoding = 4; lastKnownFileType = sourcecode.swift; path = FormPasswordField.swift; sourceTree = "<group>"; };
		64476B0D2847BE5D00E90755 /* BaseFormVC.swift */ = {isa = PBXFileReference; lastKnownFileType = sourcecode.swift; path = BaseFormVC.swift; sourceTree = "<group>"; };
		64476B0F2847EF8E00E90755 /* FormMobileField.swift */ = {isa = PBXFileReference; lastKnownFileType = sourcecode.swift; path = FormMobileField.swift; sourceTree = "<group>"; };
		64476B112847F1B600E90755 /* FormSelectField.swift */ = {isa = PBXFileReference; lastKnownFileType = sourcecode.swift; path = FormSelectField.swift; sourceTree = "<group>"; };
		64476B132847F22600E90755 /* DialCodeSelectField.swift */ = {isa = PBXFileReference; lastKnownFileType = sourcecode.swift; path = DialCodeSelectField.swift; sourceTree = "<group>"; };
		64476B152847F2ED00E90755 /* NationalNumberField.swift */ = {isa = PBXFileReference; lastKnownFileType = sourcecode.swift; path = NationalNumberField.swift; sourceTree = "<group>"; };
		64476B1728481EF600E90755 /* RegisterFormStackView.swift */ = {isa = PBXFileReference; lastKnownFileType = sourcecode.swift; path = RegisterFormStackView.swift; sourceTree = "<group>"; };
		64476B192848CD6200E90755 /* TabBarController.swift */ = {isa = PBXFileReference; lastKnownFileType = sourcecode.swift; path = TabBarController.swift; sourceTree = "<group>"; };
		64476B1B2848F7DF00E90755 /* HomeVC.swift */ = {isa = PBXFileReference; lastKnownFileType = sourcecode.swift; path = HomeVC.swift; sourceTree = "<group>"; };
		64476B222848FBD800E90755 /* TwoRowProductCell.swift */ = {isa = PBXFileReference; lastKnownFileType = sourcecode.swift; path = TwoRowProductCell.swift; sourceTree = "<group>"; };
		64476B252849017900E90755 /* ProductDto.swift */ = {isa = PBXFileReference; lastKnownFileType = sourcecode.swift; path = ProductDto.swift; sourceTree = "<group>"; };
		64476B272849038200E90755 /* ProductSectionDto.swift */ = {isa = PBXFileReference; lastKnownFileType = sourcecode.swift; path = ProductSectionDto.swift; sourceTree = "<group>"; };
		64476B29284905D000E90755 /* ProductsSectionView.swift */ = {isa = PBXFileReference; lastKnownFileType = sourcecode.swift; path = ProductsSectionView.swift; sourceTree = "<group>"; };
		64476B2A284905D100E90755 /* ProductsSectionView.xib */ = {isa = PBXFileReference; lastKnownFileType = file.xib; path = ProductsSectionView.xib; sourceTree = "<group>"; };
		64476B2D284948E800E90755 /* AddProductButton.swift */ = {isa = PBXFileReference; lastKnownFileType = sourcecode.swift; path = AddProductButton.swift; sourceTree = "<group>"; };
		64476B2F2849501700E90755 /* ProductDiscountPadge.swift */ = {isa = PBXFileReference; lastKnownFileType = sourcecode.swift; path = ProductDiscountPadge.swift; sourceTree = "<group>"; };
		64476B3128498DA800E90755 /* ShowResultsButtonContainer.swift */ = {isa = PBXFileReference; lastKnownFileType = sourcecode.swift; path = ShowResultsButtonContainer.swift; sourceTree = "<group>"; };
		64476B332849951000E90755 /* PriceRangeSegmentedControl.swift */ = {isa = PBXFileReference; fileEncoding = 4; lastKnownFileType = sourcecode.swift; path = PriceRangeSegmentedControl.swift; sourceTree = "<group>"; };
		64476B342849951300E90755 /* SegmentedControlButton.swift */ = {isa = PBXFileReference; fileEncoding = 4; lastKnownFileType = sourcecode.swift; path = SegmentedControlButton.swift; sourceTree = "<group>"; };
		64476B5B284ADD5400E90755 /* RangeSlider.swift */ = {isa = PBXFileReference; fileEncoding = 4; lastKnownFileType = sourcecode.swift; path = RangeSlider.swift; sourceTree = "<group>"; };
		64476B5D284AE0D800E90755 /* FilterVC.swift */ = {isa = PBXFileReference; lastKnownFileType = sourcecode.swift; path = FilterVC.swift; sourceTree = "<group>"; };
		64476B5F284AE35800E90755 /* SortByFilterButton.swift */ = {isa = PBXFileReference; lastKnownFileType = sourcecode.swift; path = SortByFilterButton.swift; sourceTree = "<group>"; };
		64476B61284AED1500E90755 /* FilterModalVC.swift */ = {isa = PBXFileReference; lastKnownFileType = sourcecode.swift; path = FilterModalVC.swift; sourceTree = "<group>"; };
		64476B83284B335A00E90755 /* WEBJOBSSpinner.swift */ = {isa = PBXFileReference; lastKnownFileType = sourcecode.swift; path = WEBJOBSSpinner.swift; sourceTree = "<group>"; };
		6474FAEE284BD56E00EE841E /* LoginVC.swift */ = {isa = PBXFileReference; lastKnownFileType = sourcecode.swift; path = LoginVC.swift; sourceTree = "<group>"; };
/* End PBXFileReference section */

/* Begin PBXFrameworksBuildPhase section */
		64476AD028465A6C00E90755 /* Frameworks */ = {
			isa = PBXFrameworksBuildPhase;
			buildActionMask = 2147483647;
			files = (
				F2BA0B17E39CFBD3D0B154A5 /* Pods_WEB_JOBS_Task_052022.framework in Frameworks */,
			);
			runOnlyForDeploymentPostprocessing = 0;
		};
/* End PBXFrameworksBuildPhase section */

/* Begin PBXGroup section */
		64476ACA28465A6B00E90755 = {
			isa = PBXGroup;
			children = (
				64476AD528465A6C00E90755 /* WEB-JOBS-Task-052022 */,
				64476AD428465A6C00E90755 /* Products */,
				F9B3C2076073379A1E5A62C8 /* Pods */,
				A176C6C2B4C948ABA98BDE34 /* Frameworks */,
			);
			sourceTree = "<group>";
		};
		64476AD428465A6C00E90755 /* Products */ = {
			isa = PBXGroup;
			children = (
				64476AD328465A6C00E90755 /* WEB-JOBS-Task-052022.app */,
			);
			name = Products;
			sourceTree = "<group>";
		};
		64476AD528465A6C00E90755 /* WEB-JOBS-Task-052022 */ = {
			isa = PBXGroup;
			children = (
				64476AD628465A6C00E90755 /* AppDelegate.swift */,
				64476AD828465A6C00E90755 /* SceneDelegate.swift */,
				64476B242849015400E90755 /* Models */,
				64476B212848FBA800E90755 /* Cells */,
				64476AEE284676FB00E90755 /* Controllers */,
				64476AEF2846772A00E90755 /* ViewClasses */,
				64476B0828467A4800E90755 /* Extensions */,
				64476B0628467A3D00E90755 /* Constants.swift */,
				64476ADC28465A6C00E90755 /* Main.storyboard */,
				64476ADF28465A7B00E90755 /* Assets.xcassets */,
				64476AE128465A7B00E90755 /* LaunchScreen.storyboard */,
				64476AE428465A7B00E90755 /* Info.plist */,
			);
			path = "WEB-JOBS-Task-052022";
			sourceTree = "<group>";
		};
		64476AEE284676FB00E90755 /* Controllers */ = {
			isa = PBXGroup;
			children = (
				64476ADA28465A6C00E90755 /* ViewController.swift */,
				64476AEC28465C2200E90755 /* BaseVC.swift */,
				64476B0D2847BE5D00E90755 /* BaseFormVC.swift */,
				64476B192848CD6200E90755 /* TabBarController.swift */,
				64476AEA28465BFA00E90755 /* RegisterVC.swift */,
				6474FAEE284BD56E00EE841E /* LoginVC.swift */,
				64476B1B2848F7DF00E90755 /* HomeVC.swift */,
				64476B5D284AE0D800E90755 /* FilterVC.swift */,
				64476B61284AED1500E90755 /* FilterModalVC.swift */,
			);
			path = Controllers;
			sourceTree = "<group>";
		};
		64476AEF2846772A00E90755 /* ViewClasses */ = {
			isa = PBXGroup;
			children = (
				64476B1728481EF600E90755 /* RegisterFormStackView.swift */,
				64476AF02846777700E90755 /* FormTextField.swift */,
				64476B0B2846DBF000E90755 /* FormPasswordField.swift */,
				64476AF3284677EC00E90755 /* FormFieldPlaceholderView.swift */,
				64476AF2284677EB00E90755 /* FormFieldPlaceholderMode.swift */,
				64476AF4284677EE00E90755 /* FormFieldUnderneathView.swift */,
				64476B0928467A9800E90755 /* FormFieldTextPaddingMode.swift */,
				64476B0F2847EF8E00E90755 /* FormMobileField.swift */,
				64476B112847F1B600E90755 /* FormSelectField.swift */,
				64476B132847F22600E90755 /* DialCodeSelectField.swift */,
				64476B152847F2ED00E90755 /* NationalNumberField.swift */,
				64476B2D284948E800E90755 /* AddProductButton.swift */,
				64476B5F284AE35800E90755 /* SortByFilterButton.swift */,
				64476B2F2849501700E90755 /* ProductDiscountPadge.swift */,
				64476B3128498DA800E90755 /* ShowResultsButtonContainer.swift */,
				64476B332849951000E90755 /* PriceRangeSegmentedControl.swift */,
				64476B342849951300E90755 /* SegmentedControlButton.swift */,
				64476B5B284ADD5400E90755 /* RangeSlider.swift */,
				64476B83284B335A00E90755 /* WEBJOBSSpinner.swift */,
			);
			path = ViewClasses;
			sourceTree = "<group>";
		};
		64476B0828467A4800E90755 /* Extensions */ = {
			isa = PBXGroup;
			children = (
				64476AF82846788300E90755 /* Array+Extension.swift */,
				64476AF92846788500E90755 /* String+Extension.swift */,
				64476B022846792700E90755 /* UIColor+Extension.swift */,
				64476B002846792400E90755 /* UIFont+Extension.swift */,
				64476B012846792500E90755 /* UIImage+Extension.swift */,
			);
			path = Extensions;
			sourceTree = "<group>";
		};
		64476B212848FBA800E90755 /* Cells */ = {
			isa = PBXGroup;
			children = (
				64476B222848FBD800E90755 /* TwoRowProductCell.swift */,
				64476B29284905D000E90755 /* ProductsSectionView.swift */,
				64476B2A284905D100E90755 /* ProductsSectionView.xib */,
			);
			path = Cells;
			sourceTree = "<group>";
		};
		64476B242849015400E90755 /* Models */ = {
			isa = PBXGroup;
			children = (
				64476B252849017900E90755 /* ProductDto.swift */,
				64476B272849038200E90755 /* ProductSectionDto.swift */,
			);
			path = Models;
			sourceTree = "<group>";
		};
		A176C6C2B4C948ABA98BDE34 /* Frameworks */ = {
			isa = PBXGroup;
			children = (
				36A69E17A40E9D231FD94D2D /* Pods_WEB_JOBS_Task_052022.framework */,
			);
			name = Frameworks;
			sourceTree = "<group>";
		};
		F9B3C2076073379A1E5A62C8 /* Pods */ = {
			isa = PBXGroup;
			children = (
				30E04F64D945CBEA4523DEFA /* Pods-WEB-JOBS-Task-052022.debug.xcconfig */,
				5F843CDFDB6D6CF42C311523 /* Pods-WEB-JOBS-Task-052022.release.xcconfig */,
			);
			path = Pods;
			sourceTree = "<group>";
		};
/* End PBXGroup section */

/* Begin PBXNativeTarget section */
		64476AD228465A6C00E90755 /* WEB-JOBS-Task-052022 */ = {
			isa = PBXNativeTarget;
			buildConfigurationList = 64476AE728465A7B00E90755 /* Build configuration list for PBXNativeTarget "WEB-JOBS-Task-052022" */;
			buildPhases = (
				2FEC551873328B30BD5EAF1D /* [CP] Check Pods Manifest.lock */,
				64476ACF28465A6C00E90755 /* Sources */,
				64476AD028465A6C00E90755 /* Frameworks */,
				64476AD128465A6C00E90755 /* Resources */,
				5A82BF9AF5C1C9B1E77C15B3 /* [CP] Embed Pods Frameworks */,
			);
			buildRules = (
			);
			dependencies = (
			);
			name = "WEB-JOBS-Task-052022";
			productName = "WEB-JOBS-Task-052022";
			productReference = 64476AD328465A6C00E90755 /* WEB-JOBS-Task-052022.app */;
			productType = "com.apple.product-type.application";
		};
/* End PBXNativeTarget section */

/* Begin PBXProject section */
		64476ACB28465A6B00E90755 /* Project object */ = {
			isa = PBXProject;
			attributes = {
				BuildIndependentTargetsInParallel = 1;
				LastSwiftUpdateCheck = 1320;
				LastUpgradeCheck = 1320;
				TargetAttributes = {
					64476AD228465A6C00E90755 = {
						CreatedOnToolsVersion = 13.2.1;
					};
				};
			};
			buildConfigurationList = 64476ACE28465A6B00E90755 /* Build configuration list for PBXProject "WEB-JOBS-Task-052022" */;
			compatibilityVersion = "Xcode 13.0";
			developmentRegion = en;
			hasScannedForEncodings = 0;
			knownRegions = (
				en,
				Base,
			);
			mainGroup = 64476ACA28465A6B00E90755;
			productRefGroup = 64476AD428465A6C00E90755 /* Products */;
			projectDirPath = "";
			projectRoot = "";
			targets = (
				64476AD228465A6C00E90755 /* WEB-JOBS-Task-052022 */,
			);
		};
/* End PBXProject section */

/* Begin PBXResourcesBuildPhase section */
		64476AD128465A6C00E90755 /* Resources */ = {
			isa = PBXResourcesBuildPhase;
			buildActionMask = 2147483647;
			files = (
				64476B2C284905D100E90755 /* ProductsSectionView.xib in Resources */,
				64476AE328465A7B00E90755 /* LaunchScreen.storyboard in Resources */,
				64476AE028465A7B00E90755 /* Assets.xcassets in Resources */,
				64476ADE28465A6C00E90755 /* Main.storyboard in Resources */,
			);
			runOnlyForDeploymentPostprocessing = 0;
		};
/* End PBXResourcesBuildPhase section */

/* Begin PBXShellScriptBuildPhase section */
		2FEC551873328B30BD5EAF1D /* [CP] Check Pods Manifest.lock */ = {
			isa = PBXShellScriptBuildPhase;
			buildActionMask = 2147483647;
			files = (
			);
			inputFileListPaths = (
			);
			inputPaths = (
				"${PODS_PODFILE_DIR_PATH}/Podfile.lock",
				"${PODS_ROOT}/Manifest.lock",
			);
			name = "[CP] Check Pods Manifest.lock";
			outputFileListPaths = (
			);
			outputPaths = (
				"$(DERIVED_FILE_DIR)/Pods-WEB-JOBS-Task-052022-checkManifestLockResult.txt",
			);
			runOnlyForDeploymentPostprocessing = 0;
			shellPath = /bin/sh;
			shellScript = "diff \"${PODS_PODFILE_DIR_PATH}/Podfile.lock\" \"${PODS_ROOT}/Manifest.lock\" > /dev/null\nif [ $? != 0 ] ; then\n    # print error to STDERR\n    echo \"error: The sandbox is not in sync with the Podfile.lock. Run 'pod install' or update your CocoaPods installation.\" >&2\n    exit 1\nfi\n# This output is used by Xcode 'outputs' to avoid re-running this script phase.\necho \"SUCCESS\" > \"${SCRIPT_OUTPUT_FILE_0}\"\n";
			showEnvVarsInLog = 0;
		};
		5A82BF9AF5C1C9B1E77C15B3 /* [CP] Embed Pods Frameworks */ = {
			isa = PBXShellScriptBuildPhase;
			buildActionMask = 2147483647;
			files = (
			);
			inputFileListPaths = (
				"${PODS_ROOT}/Target Support Files/Pods-WEB-JOBS-Task-052022/Pods-WEB-JOBS-Task-052022-frameworks-${CONFIGURATION}-input-files.xcfilelist",
			);
			name = "[CP] Embed Pods Frameworks";
			outputFileListPaths = (
				"${PODS_ROOT}/Target Support Files/Pods-WEB-JOBS-Task-052022/Pods-WEB-JOBS-Task-052022-frameworks-${CONFIGURATION}-output-files.xcfilelist",
			);
			runOnlyForDeploymentPostprocessing = 0;
			shellPath = /bin/sh;
			shellScript = "\"${PODS_ROOT}/Target Support Files/Pods-WEB-JOBS-Task-052022/Pods-WEB-JOBS-Task-052022-frameworks.sh\"\n";
			showEnvVarsInLog = 0;
		};
/* End PBXShellScriptBuildPhase section */

/* Begin PBXSourcesBuildPhase section */
		64476ACF28465A6C00E90755 /* Sources */ = {
			isa = PBXSourcesBuildPhase;
			buildActionMask = 2147483647;
			files = (
				64476ADB28465A6C00E90755 /* ViewController.swift in Sources */,
				64476B352849951500E90755 /* PriceRangeSegmentedControl.swift in Sources */,
				64476B042846792700E90755 /* UIImage+Extension.swift in Sources */,
				64476B0A28467A9900E90755 /* FormFieldTextPaddingMode.swift in Sources */,
				64476B102847EF8E00E90755 /* FormMobileField.swift in Sources */,
				64476B2B284905D100E90755 /* ProductsSectionView.swift in Sources */,
				64476B302849501700E90755 /* ProductDiscountPadge.swift in Sources */,
				64476B122847F1B600E90755 /* FormSelectField.swift in Sources */,
				64476AFB2846788600E90755 /* String+Extension.swift in Sources */,
				64476AFA2846788600E90755 /* Array+Extension.swift in Sources */,
				64476AF12846777700E90755 /* FormTextField.swift in Sources */,
				64476B0728467A3E00E90755 /* Constants.swift in Sources */,
				64476B5E284AE0D800E90755 /* FilterVC.swift in Sources */,
				64476B282849038300E90755 /* ProductSectionDto.swift in Sources */,
				64476B1A2848CD6200E90755 /* TabBarController.swift in Sources */,
				64476B60284AE35800E90755 /* SortByFilterButton.swift in Sources */,
				64476B262849017900E90755 /* ProductDto.swift in Sources */,
				64476B0C2846DBF100E90755 /* FormPasswordField.swift in Sources */,
				64476B362849951500E90755 /* SegmentedControlButton.swift in Sources */,
				64476AEB28465BFA00E90755 /* RegisterVC.swift in Sources */,
				64476AD728465A6C00E90755 /* AppDelegate.swift in Sources */,
				64476B1828481EF700E90755 /* RegisterFormStackView.swift in Sources */,
				64476AF5284677EF00E90755 /* FormFieldPlaceholderMode.swift in Sources */,
				64476AD928465A6C00E90755 /* SceneDelegate.swift in Sources */,
				64476B052846792700E90755 /* UIColor+Extension.swift in Sources */,
				64476B0E2847BE5D00E90755 /* BaseFormVC.swift in Sources */,
				64476AED28465C2200E90755 /* BaseVC.swift in Sources */,
				64476B162847F2ED00E90755 /* NationalNumberField.swift in Sources */,
				64476B5C284ADD5700E90755 /* RangeSlider.swift in Sources */,
				64476AF7284677EF00E90755 /* FormFieldUnderneathView.swift in Sources */,
				64476B232848FBD800E90755 /* TwoRowProductCell.swift in Sources */,
				64476B3228498DA800E90755 /* ShowResultsButtonContainer.swift in Sources */,
				64476B62284AED1500E90755 /* FilterModalVC.swift in Sources */,
				64476B1C2848F7E000E90755 /* HomeVC.swift in Sources */,
				6474FAEF284BD56E00EE841E /* LoginVC.swift in Sources */,
				64476B84284B335A00E90755 /* WEBJOBSSpinner.swift in Sources */,
				64476B142847F22600E90755 /* DialCodeSelectField.swift in Sources */,
				64476B032846792700E90755 /* UIFont+Extension.swift in Sources */,
				64476AF6284677EF00E90755 /* FormFieldPlaceholderView.swift in Sources */,
				64476B2E284948E800E90755 /* AddProductButton.swift in Sources */,
			);
			runOnlyForDeploymentPostprocessing = 0;
		};
/* End PBXSourcesBuildPhase section */

/* Begin PBXVariantGroup section */
		64476ADC28465A6C00E90755 /* Main.storyboard */ = {
			isa = PBXVariantGroup;
			children = (
				64476ADD28465A6C00E90755 /* Base */,
			);
			name = Main.storyboard;
			sourceTree = "<group>";
		};
		64476AE128465A7B00E90755 /* LaunchScreen.storyboard */ = {
			isa = PBXVariantGroup;
			children = (
				64476AE228465A7B00E90755 /* Base */,
			);
			name = LaunchScreen.storyboard;
			sourceTree = "<group>";
		};
/* End PBXVariantGroup section */

/* Begin XCBuildConfiguration section */
		64476AE528465A7B00E90755 /* Debug */ = {
			isa = XCBuildConfiguration;
			buildSettings = {
				ALWAYS_SEARCH_USER_PATHS = NO;
				CLANG_ANALYZER_NONNULL = YES;
				CLANG_ANALYZER_NUMBER_OBJECT_CONVERSION = YES_AGGRESSIVE;
				CLANG_CXX_LANGUAGE_STANDARD = "gnu++17";
				CLANG_CXX_LIBRARY = "libc++";
				CLANG_ENABLE_MODULES = YES;
				CLANG_ENABLE_OBJC_ARC = YES;
				CLANG_ENABLE_OBJC_WEAK = YES;
				CLANG_WARN_BLOCK_CAPTURE_AUTORELEASING = YES;
				CLANG_WARN_BOOL_CONVERSION = YES;
				CLANG_WARN_COMMA = YES;
				CLANG_WARN_CONSTANT_CONVERSION = YES;
				CLANG_WARN_DEPRECATED_OBJC_IMPLEMENTATIONS = YES;
				CLANG_WARN_DIRECT_OBJC_ISA_USAGE = YES_ERROR;
				CLANG_WARN_DOCUMENTATION_COMMENTS = YES;
				CLANG_WARN_EMPTY_BODY = YES;
				CLANG_WARN_ENUM_CONVERSION = YES;
				CLANG_WARN_INFINITE_RECURSION = YES;
				CLANG_WARN_INT_CONVERSION = YES;
				CLANG_WARN_NON_LITERAL_NULL_CONVERSION = YES;
				CLANG_WARN_OBJC_IMPLICIT_RETAIN_SELF = YES;
				CLANG_WARN_OBJC_LITERAL_CONVERSION = YES;
				CLANG_WARN_OBJC_ROOT_CLASS = YES_ERROR;
				CLANG_WARN_QUOTED_INCLUDE_IN_FRAMEWORK_HEADER = YES;
				CLANG_WARN_RANGE_LOOP_ANALYSIS = YES;
				CLANG_WARN_STRICT_PROTOTYPES = YES;
				CLANG_WARN_SUSPICIOUS_MOVE = YES;
				CLANG_WARN_UNGUARDED_AVAILABILITY = YES_AGGRESSIVE;
				CLANG_WARN_UNREACHABLE_CODE = YES;
				CLANG_WARN__DUPLICATE_METHOD_MATCH = YES;
				COPY_PHASE_STRIP = NO;
				DEBUG_INFORMATION_FORMAT = dwarf;
				ENABLE_STRICT_OBJC_MSGSEND = YES;
				ENABLE_TESTABILITY = YES;
				GCC_C_LANGUAGE_STANDARD = gnu11;
				GCC_DYNAMIC_NO_PIC = NO;
				GCC_NO_COMMON_BLOCKS = YES;
				GCC_OPTIMIZATION_LEVEL = 0;
				GCC_PREPROCESSOR_DEFINITIONS = (
					"DEBUG=1",
					"$(inherited)",
				);
				GCC_WARN_64_TO_32_BIT_CONVERSION = YES;
				GCC_WARN_ABOUT_RETURN_TYPE = YES_ERROR;
				GCC_WARN_UNDECLARED_SELECTOR = YES;
				GCC_WARN_UNINITIALIZED_AUTOS = YES_AGGRESSIVE;
				GCC_WARN_UNUSED_FUNCTION = YES;
				GCC_WARN_UNUSED_VARIABLE = YES;
				IPHONEOS_DEPLOYMENT_TARGET = 15.2;
				MTL_ENABLE_DEBUG_INFO = INCLUDE_SOURCE;
				MTL_FAST_MATH = YES;
				ONLY_ACTIVE_ARCH = YES;
				SDKROOT = iphoneos;
				SWIFT_ACTIVE_COMPILATION_CONDITIONS = DEBUG;
				SWIFT_OPTIMIZATION_LEVEL = "-Onone";
			};
			name = Debug;
		};
		64476AE628465A7B00E90755 /* Release */ = {
			isa = XCBuildConfiguration;
			buildSettings = {
				ALWAYS_SEARCH_USER_PATHS = NO;
				CLANG_ANALYZER_NONNULL = YES;
				CLANG_ANALYZER_NUMBER_OBJECT_CONVERSION = YES_AGGRESSIVE;
				CLANG_CXX_LANGUAGE_STANDARD = "gnu++17";
				CLANG_CXX_LIBRARY = "libc++";
				CLANG_ENABLE_MODULES = YES;
				CLANG_ENABLE_OBJC_ARC = YES;
				CLANG_ENABLE_OBJC_WEAK = YES;
				CLANG_WARN_BLOCK_CAPTURE_AUTORELEASING = YES;
				CLANG_WARN_BOOL_CONVERSION = YES;
				CLANG_WARN_COMMA = YES;
				CLANG_WARN_CONSTANT_CONVERSION = YES;
				CLANG_WARN_DEPRECATED_OBJC_IMPLEMENTATIONS = YES;
				CLANG_WARN_DIRECT_OBJC_ISA_USAGE = YES_ERROR;
				CLANG_WARN_DOCUMENTATION_COMMENTS = YES;
				CLANG_WARN_EMPTY_BODY = YES;
				CLANG_WARN_ENUM_CONVERSION = YES;
				CLANG_WARN_INFINITE_RECURSION = YES;
				CLANG_WARN_INT_CONVERSION = YES;
				CLANG_WARN_NON_LITERAL_NULL_CONVERSION = YES;
				CLANG_WARN_OBJC_IMPLICIT_RETAIN_SELF = YES;
				CLANG_WARN_OBJC_LITERAL_CONVERSION = YES;
				CLANG_WARN_OBJC_ROOT_CLASS = YES_ERROR;
				CLANG_WARN_QUOTED_INCLUDE_IN_FRAMEWORK_HEADER = YES;
				CLANG_WARN_RANGE_LOOP_ANALYSIS = YES;
				CLANG_WARN_STRICT_PROTOTYPES = YES;
				CLANG_WARN_SUSPICIOUS_MOVE = YES;
				CLANG_WARN_UNGUARDED_AVAILABILITY = YES_AGGRESSIVE;
				CLANG_WARN_UNREACHABLE_CODE = YES;
				CLANG_WARN__DUPLICATE_METHOD_MATCH = YES;
				COPY_PHASE_STRIP = NO;
				DEBUG_INFORMATION_FORMAT = "dwarf-with-dsym";
				ENABLE_NS_ASSERTIONS = NO;
				ENABLE_STRICT_OBJC_MSGSEND = YES;
				GCC_C_LANGUAGE_STANDARD = gnu11;
				GCC_NO_COMMON_BLOCKS = YES;
				GCC_WARN_64_TO_32_BIT_CONVERSION = YES;
				GCC_WARN_ABOUT_RETURN_TYPE = YES_ERROR;
				GCC_WARN_UNDECLARED_SELECTOR = YES;
				GCC_WARN_UNINITIALIZED_AUTOS = YES_AGGRESSIVE;
				GCC_WARN_UNUSED_FUNCTION = YES;
				GCC_WARN_UNUSED_VARIABLE = YES;
				IPHONEOS_DEPLOYMENT_TARGET = 15.2;
				MTL_ENABLE_DEBUG_INFO = NO;
				MTL_FAST_MATH = YES;
				SDKROOT = iphoneos;
				SWIFT_COMPILATION_MODE = wholemodule;
				SWIFT_OPTIMIZATION_LEVEL = "-O";
				VALIDATE_PRODUCT = YES;
			};
			name = Release;
		};
		64476AE828465A7B00E90755 /* Debug */ = {
			isa = XCBuildConfiguration;
			baseConfigurationReference = 30E04F64D945CBEA4523DEFA /* Pods-WEB-JOBS-Task-052022.debug.xcconfig */;
			buildSettings = {
				ASSETCATALOG_COMPILER_APPICON_NAME = AppIcon;
				ASSETCATALOG_COMPILER_GLOBAL_ACCENT_COLOR_NAME = AccentColor;
				CODE_SIGN_STYLE = Automatic;
				CURRENT_PROJECT_VERSION = 1;
				GENERATE_INFOPLIST_FILE = YES;
				INFOPLIST_FILE = "WEB-JOBS-Task-052022/Info.plist";
				INFOPLIST_KEY_UIApplicationSupportsIndirectInputEvents = YES;
				INFOPLIST_KEY_UILaunchStoryboardName = LaunchScreen;
				INFOPLIST_KEY_UIMainStoryboardFile = Main;
				INFOPLIST_KEY_UISupportedInterfaceOrientations_iPad = "UIInterfaceOrientationPortrait UIInterfaceOrientationPortraitUpsideDown UIInterfaceOrientationLandscapeLeft UIInterfaceOrientationLandscapeRight";
				INFOPLIST_KEY_UISupportedInterfaceOrientations_iPhone = "UIInterfaceOrientationPortrait UIInterfaceOrientationLandscapeLeft UIInterfaceOrientationLandscapeRight";
				INFOPLIST_KEY_UIUserInterfaceStyle = Light;
				IPHONEOS_DEPLOYMENT_TARGET = 15.0;
				LD_RUNPATH_SEARCH_PATHS = (
					"$(inherited)",
					"@executable_path/Frameworks",
				);
				MARKETING_VERSION = 1.0;
				PRODUCT_BUNDLE_IDENTIFIER = "interview.shendy.WEB-JOBS-Task-052022";
				PRODUCT_NAME = "$(TARGET_NAME)";
				SWIFT_EMIT_LOC_STRINGS = YES;
				SWIFT_VERSION = 5.0;
				TARGETED_DEVICE_FAMILY = "1,2";
			};
			name = Debug;
		};
		64476AE928465A7B00E90755 /* Release */ = {
			isa = XCBuildConfiguration;
			baseConfigurationReference = 5F843CDFDB6D6CF42C311523 /* Pods-WEB-JOBS-Task-052022.release.xcconfig */;
			buildSettings = {
				ASSETCATALOG_COMPILER_APPICON_NAME = AppIcon;
				ASSETCATALOG_COMPILER_GLOBAL_ACCENT_COLOR_NAME = AccentColor;
				CODE_SIGN_STYLE = Automatic;
				CURRENT_PROJECT_VERSION = 1;
				GENERATE_INFOPLIST_FILE = YES;
				INFOPLIST_FILE = "WEB-JOBS-Task-052022/Info.plist";
				INFOPLIST_KEY_UIApplicationSupportsIndirectInputEvents = YES;
				INFOPLIST_KEY_UILaunchStoryboardName = LaunchScreen;
				INFOPLIST_KEY_UIMainStoryboardFile = Main;
				INFOPLIST_KEY_UISupportedInterfaceOrientations_iPad = "UIInterfaceOrientationPortrait UIInterfaceOrientationPortraitUpsideDown UIInterfaceOrientationLandscapeLeft UIInterfaceOrientationLandscapeRight";
				INFOPLIST_KEY_UISupportedInterfaceOrientations_iPhone = "UIInterfaceOrientationPortrait UIInterfaceOrientationLandscapeLeft UIInterfaceOrientationLandscapeRight";
				INFOPLIST_KEY_UIUserInterfaceStyle = Light;
				IPHONEOS_DEPLOYMENT_TARGET = 15.0;
				LD_RUNPATH_SEARCH_PATHS = (
					"$(inherited)",
					"@executable_path/Frameworks",
				);
				MARKETING_VERSION = 1.0;
				PRODUCT_BUNDLE_IDENTIFIER = "interview.shendy.WEB-JOBS-Task-052022";
				PRODUCT_NAME = "$(TARGET_NAME)";
				SWIFT_EMIT_LOC_STRINGS = YES;
				SWIFT_VERSION = 5.0;
				TARGETED_DEVICE_FAMILY = "1,2";
			};
			name = Release;
		};
/* End XCBuildConfiguration section */

/* Begin XCConfigurationList section */
		64476ACE28465A6B00E90755 /* Build configuration list for PBXProject "WEB-JOBS-Task-052022" */ = {
			isa = XCConfigurationList;
			buildConfigurations = (
				64476AE528465A7B00E90755 /* Debug */,
				64476AE628465A7B00E90755 /* Release */,
			);
			defaultConfigurationIsVisible = 0;
			defaultConfigurationName = Release;
		};
		64476AE728465A7B00E90755 /* Build configuration list for PBXNativeTarget "WEB-JOBS-Task-052022" */ = {
			isa = XCConfigurationList;
			buildConfigurations = (
				64476AE828465A7B00E90755 /* Debug */,
				64476AE928465A7B00E90755 /* Release */,
			);
			defaultConfigurationIsVisible = 0;
			defaultConfigurationName = Release;
		};
/* End XCConfigurationList section */
	};
	rootObject = 64476ACB28465A6B00E90755 /* Project object */;
}
